# this file is automatically generated; do not edit by hand.

[dep.mach-quic]
url = "https://github.com/briar-systems/mach-quic"
ref = "tag/v0.4.4"
commit = "c8dcb219163e356907da4d6abdf13d9669618dab"

[dep.mach-std]
url = "https://github.com/briar-systems/mach-std"
ref = "tag/v0.33.0"
commit = "d2f08352acaac3169e823335ab4ef1e8ce632abb"

[dep.mach-crypto]
url = "https://github.com/briar-systems/mach-crypto"
ref = "tag/v0.7.0"
commit = "0f74518b3381ac993900d7ce44a86a3c26a1522e"

[dep.mach-tls]
url = "https://github.com/briar-systems/mach-tls"
ref = "tag/v0.2.0"
commit = "860fb2386ebfd02e3b3db5f510f4782fed3f29c5"
